Microsoft Visual Studio Solution File, Format Version 12.00
# Visual Studio Version 17
VisualStudioVersion = 17.5.2.0
MinimumVisualStudioVersion = 10.0.40219.1
Project("{2150E333-8FDC-42A3-9474-1A3956D46DE8}") = "menuapi", "menuapi", "{34C53A8F-D314-4326-9083-AABD00E66E66}"
EndProject
Project("{FAE04EC0-301F-11D3-BF4B-00C04F79EFBC}") = "races", "menuapi\races.csproj", "{723F35F7-FEEF-872E-BB6C-8979DEC611BB}"
EndProject
Global
	GlobalSection(SolutionConfigurationPlatforms) = preSolution
		Debug|Any CPU = Debug|Any CPU
		Release|Any CPU = Release|Any CPU
	EndGlobalSection
	GlobalSection(ProjectConfigurationPlatforms) = postSolution
		{723F35F7-FEEF-872E-BB6C-8979DEC611BB}.Debug|Any CPU.ActiveCfg = Debug|Any CPU
		{723F35F7-FEEF-872E-BB6C-8979DEC611BB}.Debug|Any CPU.Build.0 = Debug|Any CPU
		{723F35F7-FEEF-872E-BB6C-8979DEC611BB}.Release|Any CPU.ActiveCfg = Release|Any CPU
		{723F35F7-FEEF-872E-BB6C-8979DEC611BB}.Release|Any CPU.Build.0 = Release|Any CPU
	EndGlobalSection
	GlobalSection(SolutionProperties) = preSolution
		HideSolutionNode = FALSE
	EndGlobalSection
	GlobalSection(NestedProjects) = preSolution
		{723F35F7-FEEF-872E-BB6C-8979DEC611BB} = {34C53A8F-D314-4326-9083-AABD00E66E66}
	EndGlobalSection
	GlobalSection(ExtensibilityGlobals) = postSolution
		SolutionGuid = {82E9A46E-7036-4119-995D-63A78BFD6A17}
	EndGlobalSection
EndGlobal
